// !$*UTF8*$!
{
	archiveVersion = 1;
	classes = {
	};
	objectVersion = 46;
	objects = {

/* Begin PBXBuildFile section */
		8703AB2D0AB7D51EA2FACAF2 /* libPods-JKYDemoUITests.a in Frameworks */ = {isa = PBXBuildFile; fileRef = 4C2C69D7055374F218FFDBB7 /* libPods-JKYDemoUITests.a */; };
		93BDCE3B392DA5CDCC899E4D /* libPods-JKYDemo.a in Frameworks */ = {isa = PBXBuildFile; fileRef = C57800357566CDC4B9F218CE /* libPods-JKYDemo.a */; };
		B01B05A41EB8825300B69364 /* JKYDatePickerDate.m in Sources */ = {isa = PBXBuildFile; fileRef = B01B05A31EB8825300B69364 /* JKYDatePickerDate.m */; };
		B01B05A71EB885D600B69364 /* JKYDatePickerView.m in Sources */ = {isa = PBXBuildFile; fileRef = B01B05A61EB885D600B69364 /* JKYDatePickerView.m */; };
		B04A5D971EC2B8A000610550 /* JKYAnimationViewController.m in Sources */ = {isa = PBXBuildFile; fileRef = B04A5D961EC2B8A000610550 /* JKYAnimationViewController.m */; };
		B04A5D9E1EC434A800610550 /* JKYBaseAnimationViewController.m in Sources */ = {isa = PBXBuildFile; fileRef = B04A5D9D1EC434A800610550 /* JKYBaseAnimationViewController.m */; };
		B04A5DA11EC5A5F700610550 /* JKYKeyframeAnimationViewController.m in Sources */ = {isa = PBXBuildFile; fileRef = B04A5DA01EC5A5F700610550 /* JKYKeyframeAnimationViewController.m */; };
		B04A5DA41EC9ADF300610550 /* JKYGroupAnimationViewController.m in Sources */ = {isa = PBXBuildFile; fileRef = B04A5DA31EC9ADF300610550 /* JKYGroupAnimationViewController.m */; };
		B04A5DA71ECB208600610550 /* JKYTransitionViewController.m in Sources */ = {isa = PBXBuildFile; fileRef = B04A5DA61ECB208600610550 /* JKYTransitionViewController.m */; };
		B04A5DAA1ECC4DBE00610550 /* JKYSpringViewController.m in Sources */ = {isa = PBXBuildFile; fileRef = B04A5DA91ECC4DBE00610550 /* JKYSpringViewController.m */; };
		B04DD1501E6FF996009CF23E /* JKYSlideTabBarView.m in Sources */ = {isa = PBXBuildFile; fileRef = B04DD14F1E6FF996009CF23E /* JKYSlideTabBarView.m */; };
		B04DD15B1E6FFCBB009CF23E /* JKYContactListViewController.m in Sources */ = {isa = PBXBuildFile; fileRef = B04DD15A1E6FFCBB009CF23E /* JKYContactListViewController.m */; };
		B04DD15E1E70049B009CF23E /* JKYGroupDataCollection.m in Sources */ = {isa = PBXBuildFile; fileRef = B04DD15D1E70049B009CF23E /* JKYGroupDataCollection.m */; };
		B04DD1611E70230C009CF23E /* JKYGroupUserInfo.m in Sources */ = {isa = PBXBuildFile; fileRef = B04DD1601E70230C009CF23E /* JKYGroupUserInfo.m */; };
		B04DD16A1E702791009CF23E /* JKYPinyinConverter.m in Sources */ = {isa = PBXBuildFile; fileRef = B04DD1671E702791009CF23E /* JKYPinyinConverter.m */; };
		B04DD16B1E702791009CF23E /* JKYSpellingCenter.m in Sources */ = {isa = PBXBuildFile; fileRef = B04DD1691E702791009CF23E /* JKYSpellingCenter.m */; };
		B05509C41E70FE5500FB9DA8 /* JKYGroupContacts.m in Sources */ = {isa = PBXBuildFile; fileRef = B05509C31E70FE5500FB9DA8 /* JKYGroupContacts.m */; };
		B06504B51EA5E45A005A6A11 /* JKYDatePickerViewController.m in Sources */ = {isa = PBXBuildFile; fileRef = B06504B41EA5E45A005A6A11 /* JKYDatePickerViewController.m */; };
		B067083E1E978B260098C6C8 /* JKYImagePickerManager.m in Sources */ = {isa = PBXBuildFile; fileRef = B067083D1E978B260098C6C8 /* JKYImagePickerManager.m */; };
		B0683A991E962DA40014FF0B /* JKYUploadImageView.m in Sources */ = {isa = PBXBuildFile; fileRef = B0683A981E962DA40014FF0B /* JKYUploadImageView.m */; };
		B0683AA11E9634F00014FF0B /* JKYProgressView.m in Sources */ = {isa = PBXBuildFile; fileRef = B0683AA01E9634F00014FF0B /* JKYProgressView.m */; };
		B0683AA41E9636D10014FF0B /* JKYImageView.m in Sources */ = {isa = PBXBuildFile; fileRef = B0683AA31E9636D10014FF0B /* JKYImageView.m */; };
		B0683AA71E9639640014FF0B /* JKYCustomUIViewController.m in Sources */ = {isa = PBXBuildFile; fileRef = B0683AA61E9639640014FF0B /* JKYCustomUIViewController.m */; };
		B08F8E181E6D094300095FD6 /* main.m in Sources */ = {isa = PBXBuildFile; fileRef = B08F8E171E6D094300095FD6 /* main.m */; };
		B08F8E231E6D094300095FD6 /* Assets.xcassets in Resources */ = {isa = PBXBuildFile; fileRef = B08F8E221E6D094300095FD6 /* Assets.xcassets */; };
		B08F8E261E6D094300095FD6 /* LaunchScreen.storyboard in Resources */ = {isa = PBXBuildFile; fileRef = B08F8E241E6D094300095FD6 /* LaunchScreen.storyboard */; };
		B08F8E311E6D094300095FD6 /* JKYDemoTests.m in Sources */ = {isa = PBXBuildFile; fileRef = B08F8E301E6D094300095FD6 /* JKYDemoTests.m */; };
		B08F8E3C1E6D094300095FD6 /* JKYDemoUITests.m in Sources */ = {isa = PBXBuildFile; fileRef = B08F8E3B1E6D094300095FD6 /* JKYDemoUITests.m */; };
		B08F8E4E1E6D0E1600095FD6 /* AppDelegate.m in Sources */ = {isa = PBXBuildFile; fileRef = B08F8E4D1E6D0E1600095FD6 /* AppDelegate.m */; };
		B08F8E521E6D102000095FD6 /* JKYTabBarViewController.m in Sources */ = {isa = PBXBuildFile; fileRef = B08F8E511E6D102000095FD6 /* JKYTabBarViewController.m */; };
		B08F8E5C1E6D3BCB00095FD6 /* JKYHomeViewController.m in Sources */ = {isa = PBXBuildFile; fileRef = B08F8E5B1E6D3BCB00095FD6 /* JKYHomeViewController.m */; };
		B08F8E631E6D585800095FD6 /* JKYPageSlideViewController.m in Sources */ = {isa = PBXBuildFile; fileRef = B08F8E621E6D585800095FD6 /* JKYPageSlideViewController.m */; };
		B5C3CD94A0B532573F4AB22F /* libPods-JKYDemoTests.a in Frameworks */ = {isa = PBXBuildFile; fileRef = 8D83AA2CDF7C94DFF2EA8330 /* libPods-JKYDemoTests.a */; };
/* End PBXBuildFile section */

/* Begin PBXContainerItemProxy section */
		B08F8E2D1E6D094300095FD6 /* PBXContainerItemProxy */ = {
			isa = PBXContainerItemProxy;
			containerPortal = B08F8E0B1E6D094300095FD6 /* Project object */;
			proxyType = 1;
			remoteGlobalIDString = B08F8E121E6D094300095FD6;
			remoteInfo = JKYDemo;
		};
		B08F8E381E6D094300095FD6 /* PBXContainerItemProxy */ = {
			isa = PBXContainerItemProxy;
			containerPortal = B08F8E0B1E6D094300095FD6 /* Project object */;
			proxyType = 1;
			remoteGlobalIDString = B08F8E121E6D094300095FD6;
			remoteInfo = JKYDemo;
		};
/* End PBXContainerItemProxy section */

/* Begin PBXFileReference section */
		1588022A47E710992AF2E000 /* Pods-JKYDemo.debug.xcconfig */ = {isa = PBXFileReference; includeInIndex = 1; lastKnownFileType = text.xcconfig; name = "Pods-JKYDemo.debug.xcconfig"; path = "Pods/Target Support Files/Pods-JKYDemo/Pods-JKYDemo.debug.xcconfig"; sourceTree = "<group>"; };
		1C7B4AB6DF8264D67359DBF8 /* Pods-JKYDemoUITests.debug.xcconfig */ = {isa = PBXFileReference; includeInIndex = 1; lastKnownFileType = text.xcconfig; name = "Pods-JKYDemoUITests.debug.xcconfig"; path = "Pods/Target Support Files/Pods-JKYDemoUITests/Pods-JKYDemoUITests.debug.xcconfig"; sourceTree = "<group>"; };
		338974797EDC6DFE54F77C35 /* Pods-JKYDemoTests.debug.xcconfig */ = {isa = PBXFileReference; includeInIndex = 1; lastKnownFileType = text.xcconfig; name = "Pods-JKYDemoTests.debug.xcconfig"; path = "Pods/Target Support Files/Pods-JKYDemoTests/Pods-JKYDemoTests.debug.xcconfig"; sourceTree = "<group>"; };
		4C2C69D7055374F218FFDBB7 /* libPods-JKYDemoUITests.a */ = {isa = PBXFileReference; explicitFileType = archive.ar; includeInIndex = 0; path = "libPods-JKYDemoUITests.a"; sourceTree = BUILT_PRODUCTS_DIR; };
		797ACD99F0F57F9C75E10047 /* Pods-JKYDemo.release.xcconfig */ = {isa = PBXFileReference; includeInIndex = 1; lastKnownFileType = text.xcconfig; name = "Pods-JKYDemo.release.xcconfig"; path = "Pods/Target Support Files/Pods-JKYDemo/Pods-JKYDemo.release.xcconfig"; sourceTree = "<group>"; };
		8B44CC286CEBF60FB1D287DE /* Pods-JKYDemoUITests.release.xcconfig */ = {isa = PBXFileReference; includeInIndex = 1; lastKnownFileType = text.xcconfig; name = "Pods-JKYDemoUITests.release.xcconfig"; path = "Pods/Target Support Files/Pods-JKYDemoUITests/Pods-JKYDemoUITests.release.xcconfig"; sourceTree = "<group>"; };
		8D83AA2CDF7C94DFF2EA8330 /* libPods-JKYDemoTests.a */ = {isa = PBXFileReference; explicitFileType = archive.ar; includeInIndex = 0; path = "libPods-JKYDemoTests.a"; sourceTree = BUILT_PRODUCTS_DIR; };
		B01B05A21EB8825300B69364 /* JKYDatePickerDate.h */ = {isa = PBXFileReference; fileEncoding = 4; lastKnownFileType = sourcecode.c.h; path = JKYDatePickerDate.h; sourceTree = "<group>"; };
		B01B05A31EB8825300B69364 /* JKYDatePickerDate.m */ = {isa = PBXFileReference; fileEncoding = 4; lastKnownFileType = sourcecode.c.objc; path = JKYDatePickerDate.m; sourceTree = "<group>"; };
		B01B05A51EB885D600B69364 /* JKYDatePickerView.h */ = {isa = PBXFileReference; fileEncoding = 4; lastKnownFileType = sourcecode.c.h; path = JKYDatePickerView.h; sourceTree = "<group>"; };
		B01B05A61EB885D600B69364 /* JKYDatePickerView.m */ = {isa = PBXFileReference; fileEncoding = 4; lastKnownFileType = sourcecode.c.objc; path = JKYDatePickerView.m; sourceTree = "<group>"; };
		B04A5D951EC2B8A000610550 /* JKYAnimationViewController.h */ = {isa = PBXFileReference; fileEncoding = 4; lastKnownFileType = sourcecode.c.h; path = JKYAnimationViewController.h; sourceTree = "<group>"; };
		B04A5D961EC2B8A000610550 /* JKYAnimationViewController.m */ = {isa = PBXFileReference; fileEncoding = 4; lastKnownFileType = sourcecode.c.objc; path = JKYAnimationViewController.m; sourceTree = "<group>"; };
		B04A5D9C1EC434A800610550 /* JKYBaseAnimationViewController.h */ = {isa = PBXFileReference; fileEncoding = 4; lastKnownFileType = sourcecode.c.h; path = JKYBaseAnimationViewController.h; sourceTree = "<group>"; };
		B04A5D9D1EC434A800610550 /* JKYBaseAnimationViewController.m */ = {isa = PBXFileReference; fileEncoding = 4; lastKnownFileType = sourcecode.c.objc; path = JKYBaseAnimationViewController.m; sourceTree = "<group>"; };
		B04A5D9F1EC5A5F700610550 /* JKYKeyframeAnimationViewController.h */ = {isa = PBXFileReference; fileEncoding = 4; lastKnownFileType = sourcecode.c.h; path = JKYKeyframeAnimationViewController.h; sourceTree = "<group>"; };
		B04A5DA01EC5A5F700610550 /* JKYKeyframeAnimationViewController.m */ = {isa = PBXFileReference; fileEncoding = 4; lastKnownFileType = sourcecode.c.objc; path = JKYKeyframeAnimationViewController.m; sourceTree = "<group>"; };
		B04A5DA21EC9ADF300610550 /* JKYGroupAnimationViewController.h */ = {isa = PBXFileReference; fileEncoding = 4; lastKnownFileType = sourcecode.c.h; path = JKYGroupAnimationViewController.h; sourceTree = "<group>"; };
		B04A5DA31EC9ADF300610550 /* JKYGroupAnimationViewController.m */ = {isa = PBXFileReference; fileEncoding = 4; lastKnownFileType = sourcecode.c.objc; path = JKYGroupAnimationViewController.m; sourceTree = "<group>"; };
		B04A5DA51ECB208600610550 /* JKYTransitionViewController.h */ = {isa = PBXFileReference; fileEncoding = 4; lastKnownFileType = sourcecode.c.h; path = JKYTransitionViewController.h; sourceTree = "<group>"; };
		B04A5DA61ECB208600610550 /* JKYTransitionViewController.m */ = {isa = PBXFileReference; fileEncoding = 4; lastKnownFileType = sourcecode.c.objc; path = JKYTransitionViewController.m; sourceTree = "<group>"; };
		B04A5DA81ECC4DBE00610550 /* JKYSpringViewController.h */ = {isa = PBXFileReference; fileEncoding = 4; lastKnownFileType = sourcecode.c.h; path = JKYSpringViewController.h; sourceTree = "<group>"; };
		B04A5DA91ECC4DBE00610550 /* JKYSpringViewController.m */ = {isa = PBXFileReference; fileEncoding = 4; lastKnownFileType = sourcecode.c.objc; path = JKYSpringViewController.m; sourceTree = "<group>"; };
		B04DD14E1E6FF996009CF23E /* JKYSlideTabBarView.h */ = {isa = PBXFileReference; fileEncoding = 4; lastKnownFileType = sourcecode.c.h; path = JKYSlideTabBarView.h; sourceTree = "<group>"; };
		B04DD14F1E6FF996009CF23E /* JKYSlideTabBarView.m */ = {isa = PBXFileReference; fileEncoding = 4; lastKnownFileType = sourcecode.c.objc; path = JKYSlideTabBarView.m; sourceTree = "<group>"; };
		B04DD1591E6FFCBB009CF23E /* JKYContactListViewController.h */ = {isa = PBXFileReference; fileEncoding = 4; lastKnownFileType = sourcecode.c.h; path = JKYContactListViewController.h; sourceTree = "<group>"; };
		B04DD15A1E6FFCBB009CF23E /* JKYContactListViewController.m */ = {isa = PBXFileReference; fileEncoding = 4; lastKnownFileType = sourcecode.c.objc; path = JKYContactListViewController.m; sourceTree = "<group>"; };
		B04DD15C1E70049B009CF23E /* JKYGroupDataCollection.h */ = {isa = PBXFileReference; fileEncoding = 4; lastKnownFileType = sourcecode.c.h; path = JKYGroupDataCollection.h; sourceTree = "<group>"; };
		B04DD15D1E70049B009CF23E /* JKYGroupDataCollection.m */ = {isa = PBXFileReference; fileEncoding = 4; lastKnownFileType = sourcecode.c.objc; path = JKYGroupDataCollection.m; sourceTree = "<group>"; };
		B04DD15F1E70230C009CF23E /* JKYGroupUserInfo.h */ = {isa = PBXFileReference; fileEncoding = 4; lastKnownFileType = sourcecode.c.h; path = JKYGroupUserInfo.h; sourceTree = "<group>"; };
		B04DD1601E70230C009CF23E /* JKYGroupUserInfo.m */ = {isa = PBXFileReference; fileEncoding = 4; lastKnownFileType = sourcecode.c.objc; path = JKYGroupUserInfo.m; sourceTree = "<group>"; };
		B04DD1661E702791009CF23E /* JKYPinyinConverter.h */ = {isa = PBXFileReference; fileEncoding = 4; lastKnownFileType = sourcecode.c.h; path = JKYPinyinConverter.h; sourceTree = "<group>"; };
		B04DD1671E702791009CF23E /* JKYPinyinConverter.m */ = {isa = PBXFileReference; fileEncoding = 4; lastKnownFileType = sourcecode.c.objc; path = JKYPinyinConverter.m; sourceTree = "<group>"; };
		B04DD1681E702791009CF23E /* JKYSpellingCenter.h */ = {isa = PBXFileReference; fileEncoding = 4; lastKnownFileType = sourcecode.c.h; path = JKYSpellingCenter.h; sourceTree = "<group>"; };
		B04DD1691E702791009CF23E /* JKYSpellingCenter.m */ = {isa = PBXFileReference; fileEncoding = 4; lastKnownFileType = sourcecode.c.objc; path = JKYSpellingCenter.m; sourceTree = "<group>"; };
		B05509C21E70FE5500FB9DA8 /* JKYGroupContacts.h */ = {isa = PBXFileReference; fileEncoding = 4; lastKnownFileType = sourcecode.c.h; path = JKYGroupContacts.h; sourceTree = "<group>"; };
		B05509C31E70FE5500FB9DA8 /* JKYGroupContacts.m */ = {isa = PBXFileReference; fileEncoding = 4; lastKnownFileType = sourcecode.c.objc; path = JKYGroupContacts.m; sourceTree = "<group>"; };
		B05509C51E71036B00FB9DA8 /* JKYGroupMemberProtocol.h */ = {isa = PBXFileReference; fileEncoding = 4; lastKnownFileType = sourcecode.c.h; path = JKYGroupMemberProtocol.h; sourceTree = "<group>"; };
		B06504B31EA5E45A005A6A11 /* JKYDatePickerViewController.h */ = {isa = PBXFileReference; fileEncoding = 4; lastKnownFileType = sourcecode.c.h; path = JKYDatePickerViewController.h; sourceTree = "<group>"; };
		B06504B41EA5E45A005A6A11 /* JKYDatePickerViewController.m */ = {isa = PBXFileReference; fileEncoding = 4; lastKnownFileType = sourcecode.c.objc; path = JKYDatePickerViewController.m; sourceTree = "<group>"; };
		B067083C1E978B260098C6C8 /* JKYImagePickerManager.h */ = {isa = PBXFileReference; fileEncoding = 4; lastKnownFileType = sourcecode.c.h; path = JKYImagePickerManager.h; sourceTree = "<group>"; };
		B067083D1E978B260098C6C8 /* JKYImagePickerManager.m */ = {isa = PBXFileReference; fileEncoding = 4; lastKnownFileType = sourcecode.c.objc; path = JKYImagePickerManager.m; sourceTree = "<group>"; };
		B0683A971E962DA40014FF0B /* JKYUploadImageView.h */ = {isa = PBXFileReference; fileEncoding = 4; lastKnownFileType = sourcecode.c.h; path = JKYUploadImageView.h; sourceTree = "<group>"; };
		B0683A981E962DA40014FF0B /* JKYUploadImageView.m */ = {isa = PBXFileReference; fileEncoding = 4; lastKnownFileType = sourcecode.c.objc; path = JKYUploadImageView.m; sourceTree = "<group>"; };
		B0683A9D1E962EA20014FF0B /* JKYMacro.h */ = {isa = PBXFileReference; fileEncoding = 4; lastKnownFileType = sourcecode.c.h; path = JKYMacro.h; sourceTree = "<group>"; };
		B0683A9E1E96310C0014FF0B /* JKYPrefixHeader.pch */ = {isa = PBXFileReference; fileEncoding = 4; lastKnownFileType = sourcecode.c.h; path = JKYPrefixHeader.pch; sourceTree = "<group>"; };
		B0683A9F1E9634F00014FF0B /* JKYProgressView.h */ = {isa = PBXFileReference; fileEncoding = 4; lastKnownFileType = sourcecode.c.h; path = JKYProgressView.h; sourceTree = "<group>"; };
		B0683AA01E9634F00014FF0B /* JKYProgressView.m */ = {isa = PBXFileReference; fileEncoding = 4; lastKnownFileType = sourcecode.c.objc; path = JKYProgressView.m; sourceTree = "<group>"; };
		B0683AA21E9636D10014FF0B /* JKYImageView.h */ = {isa = PBXFileReference; fileEncoding = 4; lastKnownFileType = sourcecode.c.h; path = JKYImageView.h; sourceTree = "<group>"; };
		B0683AA31E9636D10014FF0B /* JKYImageView.m */ = {isa = PBXFileReference; fileEncoding = 4; lastKnownFileType = sourcecode.c.objc; path = JKYImageView.m; sourceTree = "<group>"; };
		B0683AA51E9639640014FF0B /* JKYCustomUIViewController.h */ = {isa = PBXFileReference; fileEncoding = 4; lastKnownFileType = sourcecode.c.h; path = JKYCustomUIViewController.h; sourceTree = "<group>"; };
		B0683AA61E9639640014FF0B /* JKYCustomUIViewController.m */ = {isa = PBXFileReference; fileEncoding = 4; lastKnownFileType = sourcecode.c.objc; path = JKYCustomUIViewController.m; sourceTree = "<group>"; };
		B08F8E131E6D094300095FD6 /* JKYDemo.app */ = {isa = PBXFileReference; explicitFileType = wrapper.application; includeInIndex = 0; path = JKYDemo.app; sourceTree = BUILT_PRODUCTS_DIR; };
		B08F8E171E6D094300095FD6 /* main.m */ = {isa = PBXFileReference; lastKnownFileType = sourcecode.c.objc; path = main.m; sourceTree = "<group>"; };
		B08F8E221E6D094300095FD6 /* Assets.xcassets */ = {isa = PBXFileReference; lastKnownFileType = folder.assetcatalog; path = Assets.xcassets; sourceTree = "<group>"; };
		B08F8E251E6D094300095FD6 /* Base */ = {isa = PBXFileReference; lastKnownFileType = file.storyboard; name = Base; path = Base.lproj/LaunchScreen.storyboard; sourceTree = "<group>"; };
		B08F8E271E6D094300095FD6 /* Info.plist */ = {isa = PBXFileReference; lastKnownFileType = text.plist.xml; path = Info.plist; sourceTree = "<group>"; };
		B08F8E2C1E6D094300095FD6 /* JKYDemoTests.xctest */ = {isa = PBXFileReference; explicitFileType = wrapper.cfbundle; includeInIndex = 0; path = JKYDemoTests.xctest; sourceTree = BUILT_PRODUCTS_DIR; };
		B08F8E301E6D094300095FD6 /* JKYDemoTests.m */ = {isa = PBXFileReference; lastKnownFileType = sourcecode.c.objc; path = JKYDemoTests.m; sourceTree = "<group>"; };
		B08F8E321E6D094300095FD6 /* Info.plist */ = {isa = PBXFileReference; lastKnownFileType = text.plist.xml; path = Info.plist; sourceTree = "<group>"; };
		B08F8E371E6D094300095FD6 /* JKYDemoUITests.xctest */ = {isa = PBXFileReference; explicitFileType = wrapper.cfbundle; includeInIndex = 0; path = JKYDemoUITests.xctest; sourceTree = BUILT_PRODUCTS_DIR; };
		B08F8E3B1E6D094300095FD6 /* JKYDemoUITests.m */ = {isa = PBXFileReference; lastKnownFileType = sourcecode.c.objc; path = JKYDemoUITests.m; sourceTree = "<group>"; };
		B08F8E3D1E6D094300095FD6 /* Info.plist */ = {isa = PBXFileReference; lastKnownFileType = text.plist.xml; path = Info.plist; sourceTree = "<group>"; };
		B08F8E4C1E6D0E1600095FD6 /* AppDelegate.h */ = {isa = PBXFileReference; fileEncoding = 4; lastKnownFileType = sourcecode.c.h; path = AppDelegate.h; sourceTree = "<group>"; };
		B08F8E4D1E6D0E1600095FD6 /* AppDelegate.m */ = {isa = PBXFileReference; fileEncoding = 4; lastKnownFileType = sourcecode.c.objc; path = AppDelegate.m; sourceTree = "<group>"; };
		B08F8E501E6D102000095FD6 /* JKYTabBarViewController.h */ = {isa = PBXFileReference; fileEncoding = 4; lastKnownFileType = sourcecode.c.h; path = JKYTabBarViewController.h; sourceTree = "<group>"; };
		B08F8E511E6D102000095FD6 /* JKYTabBarViewController.m */ = {isa = PBXFileReference; fileEncoding = 4; lastKnownFileType = sourcecode.c.objc; path = JKYTabBarViewController.m; sourceTree = "<group>"; };
		B08F8E5A1E6D3BCB00095FD6 /* JKYHomeViewController.h */ = {isa = PBXFileReference; fileEncoding = 4; lastKnownFileType = sourcecode.c.h; path = JKYHomeViewController.h; sourceTree = "<group>"; };
		B08F8E5B1E6D3BCB00095FD6 /* JKYHomeViewController.m */ = {isa = PBXFileReference; fileEncoding = 4; lastKnownFileType = sourcecode.c.objc; path = JKYHomeViewController.m; sourceTree = "<group>"; };
		B08F8E611E6D585800095FD6 /* JKYPageSlideViewController.h */ = {isa = PBXFileReference; fileEncoding = 4; lastKnownFileType = sourcecode.c.h; path = JKYPageSlideViewController.h; sourceTree = "<group>"; };
		B08F8E621E6D585800095FD6 /* JKYPageSlideViewController.m */ = {isa = PBXFileReference; fileEncoding = 4; lastKnownFileType = sourcecode.c.objc; path = JKYPageSlideViewController.m; sourceTree = "<group>"; };
		C57800357566CDC4B9F218CE /* libPods-JKYDemo.a */ = {isa = PBXFileReference; explicitFileType = archive.ar; includeInIndex = 0; path = "libPods-JKYDemo.a"; sourceTree = BUILT_PRODUCTS_DIR; };
		E58F73A54C1407D058871D64 /* Pods-JKYDemoTests.release.xcconfig */ = {isa = PBXFileReference; includeInIndex = 1; lastKnownFileType = text.xcconfig; name = "Pods-JKYDemoTests.release.xcconfig"; path = "Pods/Target Support Files/Pods-JKYDemoTests/Pods-JKYDemoTests.release.xcconfig"; sourceTree = "<group>"; };
/* End PBXFileReference section */

/* Begin PBXFrameworksBuildPhase section */
		B08F8E101E6D094300095FD6 /* Frameworks */ = {
			isa = PBXFrameworksBuildPhase;
			buildActionMask = 2147483647;
			files = (
				93BDCE3B392DA5CDCC899E4D /* libPods-JKYDemo.a in Frameworks */,
			);
			runOnlyForDeploymentPostprocessing = 0;
		};
		B08F8E291E6D094300095FD6 /* Frameworks */ = {
			isa = PBXFrameworksBuildPhase;
			buildActionMask = 2147483647;
			files = (
				B5C3CD94A0B532573F4AB22F /* libPods-JKYDemoTests.a in Frameworks */,
			);
			runOnlyForDeploymentPostprocessing = 0;
		};
		B08F8E341E6D094300095FD6 /* Frameworks */ = {
			isa = PBXFrameworksBuildPhase;
			buildActionMask = 2147483647;
			files = (
				8703AB2D0AB7D51EA2FACAF2 /* libPods-JKYDemoUITests.a in Frameworks */,
			);
			runOnlyForDeploymentPostprocessing = 0;
		};
/* End PBXFrameworksBuildPhase section */

/* Begin PBXGroup section */
		A6DBD4BC740C8E879CA319A9 /* Pods */ = {
			isa = PBXGroup;
			children = (
				1588022A47E710992AF2E000 /* Pods-JKYDemo.debug.xcconfig */,
				797ACD99F0F57F9C75E10047 /* Pods-JKYDemo.release.xcconfig */,
				338974797EDC6DFE54F77C35 /* Pods-JKYDemoTests.debug.xcconfig */,
				E58F73A54C1407D058871D64 /* Pods-JKYDemoTests.release.xcconfig */,
				1C7B4AB6DF8264D67359DBF8 /* Pods-JKYDemoUITests.debug.xcconfig */,
				8B44CC286CEBF60FB1D287DE /* Pods-JKYDemoUITests.release.xcconfig */,
			);
			name = Pods;
			sourceTree = "<group>";
		};
		B02BD7DC1EB87C380039D05B /* JKYDatePicker */ = {
			isa = PBXGroup;
			children = (
				B02BD7DD1EB87C380039D05B /* Model */,
				B02BD7DE1EB87C380039D05B /* View */,
			);
			path = JKYDatePicker;
			sourceTree = "<group>";
		};
		B02BD7DD1EB87C380039D05B /* Model */ = {
			isa = PBXGroup;
			children = (
				B01B05A21EB8825300B69364 /* JKYDatePickerDate.h */,
				B01B05A31EB8825300B69364 /* JKYDatePickerDate.m */,
			);
			path = Model;
			sourceTree = "<group>";
		};
		B02BD7DE1EB87C380039D05B /* View */ = {
			isa = PBXGroup;
			children = (
				B01B05A51EB885D600B69364 /* JKYDatePickerView.h */,
				B01B05A61EB885D600B69364 /* JKYDatePickerView.m */,
			);
			path = View;
			sourceTree = "<group>";
		};
		B04A5D981EC4348800610550 /* JKYAnimation */ = {
			isa = PBXGroup;
			children = (
				B04A5D991EC4348800610550 /* Model */,
				B04A5D9A1EC4348800610550 /* View */,
				B04A5D9B1EC4348800610550 /* ViewController */,
			);
			path = JKYAnimation;
			sourceTree = "<group>";
		};
		B04A5D991EC4348800610550 /* Model */ = {
			isa = PBXGroup;
			children = (
			);
			path = Model;
			sourceTree = "<group>";
		};
		B04A5D9A1EC4348800610550 /* View */ = {
			isa = PBXGroup;
			children = (
			);
			path = View;
			sourceTree = "<group>";
		};
		B04A5D9B1EC4348800610550 /* ViewController */ = {
			isa = PBXGroup;
			children = (
				B04A5D9C1EC434A800610550 /* JKYBaseAnimationViewController.h */,
				B04A5D9D1EC434A800610550 /* JKYBaseAnimationViewController.m */,
				B04A5D9F1EC5A5F700610550 /* JKYKeyframeAnimationViewController.h */,
				B04A5DA01EC5A5F700610550 /* JKYKeyframeAnimationViewController.m */,
				B04A5DA21EC9ADF300610550 /* JKYGroupAnimationViewController.h */,
				B04A5DA31EC9ADF300610550 /* JKYGroupAnimationViewController.m */,
				B04A5DA51ECB208600610550 /* JKYTransitionViewController.h */,
				B04A5DA61ECB208600610550 /* JKYTransitionViewController.m */,
				B04A5DA81ECC4DBE00610550 /* JKYSpringViewController.h */,
				B04A5DA91ECC4DBE00610550 /* JKYSpringViewController.m */,
			);
			path = ViewController;
			sourceTree = "<group>";
		};
		B04DD14C1E6FF996009CF23E /* JKYKit */ = {
			isa = PBXGroup;
			children = (
				B04DD1641E70277F009CF23E /* JKYUtil */,
				B0683A961E962D880014FF0B /* JKYCustomUI */,
				B04DD1551E6FFC4C009CF23E /* JKYContactListViewController */,
				B04DD14D1E6FF996009CF23E /* JKYSlideTabBarView */,
				B067083A1E978AA90098C6C8 /* JKYImagePicker */,
				B02BD7DC1EB87C380039D05B /* JKYDatePicker */,
				B04A5D981EC4348800610550 /* JKYAnimation */,
			);
			path = JKYKit;
			sourceTree = "<group>";
		};
		B04DD14D1E6FF996009CF23E /* JKYSlideTabBarView */ = {
			isa = PBXGroup;
			children = (
				B04DD14E1E6FF996009CF23E /* JKYSlideTabBarView.h */,
				B04DD14F1E6FF996009CF23E /* JKYSlideTabBarView.m */,
			);
			path = JKYSlideTabBarView;
			sourceTree = "<group>";
		};
		B04DD1551E6FFC4C009CF23E /* JKYContactListViewController */ = {
			isa = PBXGroup;
			children = (
				B04DD1561E6FFCA9009CF23E /* Model */,
				B04DD1571E6FFCA9009CF23E /* View */,
				B04DD1581E6FFCA9009CF23E /* ViewController */,
			);
			path = JKYContactListViewController;
			sourceTree = "<group>";
		};
		B04DD1561E6FFCA9009CF23E /* Model */ = {
			isa = PBXGroup;
			children = (
				B05509C51E71036B00FB9DA8 /* JKYGroupMemberProtocol.h */,
				B04DD15C1E70049B009CF23E /* JKYGroupDataCollection.h */,
				B04DD15D1E70049B009CF23E /* JKYGroupDataCollection.m */,
				B04DD15F1E70230C009CF23E /* JKYGroupUserInfo.h */,
				B04DD1601E70230C009CF23E /* JKYGroupUserInfo.m */,
				B05509C21E70FE5500FB9DA8 /* JKYGroupContacts.h */,
				B05509C31E70FE5500FB9DA8 /* JKYGroupContacts.m */,
			);
			path = Model;
			sourceTree = "<group>";
		};
		B04DD1571E6FFCA9009CF23E /* View */ = {
			isa = PBXGroup;
			children = (
			);
			path = View;
			sourceTree = "<group>";
		};
		B04DD1581E6FFCA9009CF23E /* ViewController */ = {
			isa = PBXGroup;
			children = (
				B04DD1591E6FFCBB009CF23E /* JKYContactListViewController.h */,
				B04DD15A1E6FFCBB009CF23E /* JKYContactListViewController.m */,
			);
			path = ViewController;
			sourceTree = "<group>";
		};
		B04DD1641E70277F009CF23E /* JKYUtil */ = {
			isa = PBXGroup;
			children = (
				B04DD1651E702791009CF23E /* Spelling */,
				B0683A9D1E962EA20014FF0B /* JKYMacro.h */,
			);
			path = JKYUtil;
			sourceTree = "<group>";
		};
		B04DD1651E702791009CF23E /* Spelling */ = {
			isa = PBXGroup;
			children = (
				B04DD1661E702791009CF23E /* JKYPinyinConverter.h */,
				B04DD1671E702791009CF23E /* JKYPinyinConverter.m */,
				B04DD1681E702791009CF23E /* JKYSpellingCenter.h */,
				B04DD1691E702791009CF23E /* JKYSpellingCenter.m */,
			);
			path = Spelling;
			sourceTree = "<group>";
		};
		B067083A1E978AA90098C6C8 /* JKYImagePicker */ = {
			isa = PBXGroup;
			children = (
				B067083B1E978ACE0098C6C8 /* Manager */,
			);
			path = JKYImagePicker;
			sourceTree = "<group>";
		};
		B067083B1E978ACE0098C6C8 /* Manager */ = {
			isa = PBXGroup;
			children = (
				B067083C1E978B260098C6C8 /* JKYImagePickerManager.h */,
				B067083D1E978B260098C6C8 /* JKYImagePickerManager.m */,
			);
			path = Manager;
			sourceTree = "<group>";
		};
		B0683A961E962D880014FF0B /* JKYCustomUI */ = {
			isa = PBXGroup;
			children = (
				B0683A971E962DA40014FF0B /* JKYUploadImageView.h */,
				B0683A981E962DA40014FF0B /* JKYUploadImageView.m */,
				B0683A9F1E9634F00014FF0B /* JKYProgressView.h */,
				B0683AA01E9634F00014FF0B /* JKYProgressView.m */,
				B0683AA21E9636D10014FF0B /* JKYImageView.h */,
				B0683AA31E9636D10014FF0B /* JKYImageView.m */,
			);
			path = JKYCustomUI;
			sourceTree = "<group>";
		};
		B08F8E0A1E6D094300095FD6 = {
			isa = PBXGroup;
			children = (
				B08F8E151E6D094300095FD6 /* JKYDemo */,
				B08F8E2F1E6D094300095FD6 /* JKYDemoTests */,
				B08F8E3A1E6D094300095FD6 /* JKYDemoUITests */,
				B08F8E141E6D094300095FD6 /* Products */,
				A6DBD4BC740C8E879CA319A9 /* Pods */,
				C0A1F4E842B69DA032D9DFA9 /* Frameworks */,
			);
			sourceTree = "<group>";
		};
		B08F8E141E6D094300095FD6 /* Products */ = {
			isa = PBXGroup;
			children = (
				B08F8E131E6D094300095FD6 /* JKYDemo.app */,
				B08F8E2C1E6D094300095FD6 /* JKYDemoTests.xctest */,
				B08F8E371E6D094300095FD6 /* JKYDemoUITests.xctest */,
			);
			name = Products;
			sourceTree = "<group>";
		};
		B08F8E151E6D094300095FD6 /* JKYDemo */ = {
			isa = PBXGroup;
			children = (
				B08F8E4A1E6D0D3600095FD6 /* Application */,
				B08F8E4B1E6D0D6600095FD6 /* Classes */,
				B08F8E221E6D094300095FD6 /* Assets.xcassets */,
				B08F8E241E6D094300095FD6 /* LaunchScreen.storyboard */,
				B08F8E271E6D094300095FD6 /* Info.plist */,
				B08F8E161E6D094300095FD6 /* Supporting Files */,
			);
			path = JKYDemo;
			sourceTree = "<group>";
		};
		B08F8E161E6D094300095FD6 /* Supporting Files */ = {
			isa = PBXGroup;
			children = (
				B08F8E171E6D094300095FD6 /* main.m */,
				B0683A9E1E96310C0014FF0B /* JKYPrefixHeader.pch */,
			);
			name = "Supporting Files";
			sourceTree = "<group>";
		};
		B08F8E2F1E6D094300095FD6 /* JKYDemoTests */ = {
			isa = PBXGroup;
			children = (
				B08F8E301E6D094300095FD6 /* JKYDemoTests.m */,
				B08F8E321E6D094300095FD6 /* Info.plist */,
			);
			path = JKYDemoTests;
			sourceTree = "<group>";
		};
		B08F8E3A1E6D094300095FD6 /* JKYDemoUITests */ = {
			isa = PBXGroup;
			children = (
				B08F8E3B1E6D094300095FD6 /* JKYDemoUITests.m */,
				B08F8E3D1E6D094300095FD6 /* Info.plist */,
			);
			path = JKYDemoUITests;
			sourceTree = "<group>";
		};
		B08F8E4A1E6D0D3600095FD6 /* Application */ = {
			isa = PBXGroup;
			children = (
				B08F8E4C1E6D0E1600095FD6 /* AppDelegate.h */,
				B08F8E4D1E6D0E1600095FD6 /* AppDelegate.m */,
			);
			path = Application;
			sourceTree = "<group>";
		};
		B08F8E4B1E6D0D6600095FD6 /* Classes */ = {
			isa = PBXGroup;
			children = (
				B04DD14C1E6FF996009CF23E /* JKYKit */,
				B08F8E4F1E6D0FAE00095FD6 /* APPManager */,
				B08F8E531E6D33B400095FD6 /* Home */,
			);
			path = Classes;
			sourceTree = "<group>";
		};
		B08F8E4F1E6D0FAE00095FD6 /* APPManager */ = {
			isa = PBXGroup;
			children = (
				B08F8E501E6D102000095FD6 /* JKYTabBarViewController.h */,
				B08F8E511E6D102000095FD6 /* JKYTabBarViewController.m */,
			);
			path = APPManager;
			sourceTree = "<group>";
		};
		B08F8E531E6D33B400095FD6 /* Home */ = {
			isa = PBXGroup;
			children = (
				B08F8E571E6D3BCB00095FD6 /* Model */,
				B08F8E581E6D3BCB00095FD6 /* View */,
				B08F8E591E6D3BCB00095FD6 /* ViewController */,
			);
			path = Home;
			sourceTree = "<group>";
		};
		B08F8E571E6D3BCB00095FD6 /* Model */ = {
			isa = PBXGroup;
			children = (
			);
			path = Model;
			sourceTree = "<group>";
		};
		B08F8E581E6D3BCB00095FD6 /* View */ = {
			isa = PBXGroup;
			children = (
			);
			path = View;
			sourceTree = "<group>";
		};
		B08F8E591E6D3BCB00095FD6 /* ViewController */ = {
			isa = PBXGroup;
			children = (
				B08F8E5D1E6D3C2800095FD6 /* CellDetailViewController */,
				B08F8E5A1E6D3BCB00095FD6 /* JKYHomeViewController.h */,
				B08F8E5B1E6D3BCB00095FD6 /* JKYHomeViewController.m */,
			);
			path = ViewController;
			sourceTree = "<group>";
		};
		B08F8E5D1E6D3C2800095FD6 /* CellDetailViewController */ = {
			isa = PBXGroup;
			children = (
				B08F8E611E6D585800095FD6 /* JKYPageSlideViewController.h */,
				B08F8E621E6D585800095FD6 /* JKYPageSlideViewController.m */,
				B0683AA51E9639640014FF0B /* JKYCustomUIViewController.h */,
				B0683AA61E9639640014FF0B /* JKYCustomUIViewController.m */,
				B06504B31EA5E45A005A6A11 /* JKYDatePickerViewController.h */,
				B06504B41EA5E45A005A6A11 /* JKYDatePickerViewController.m */,
				B04A5D951EC2B8A000610550 /* JKYAnimationViewController.h */,
				B04A5D961EC2B8A000610550 /* JKYAnimationViewController.m */,
			);
			path = CellDetailViewController;
			sourceTree = "<group>";
		};
		C0A1F4E842B69DA032D9DFA9 /* Frameworks */ = {
			isa = PBXGroup;
			children = (
				C57800357566CDC4B9F218CE /* libPods-JKYDemo.a */,
				8D83AA2CDF7C94DFF2EA8330 /* libPods-JKYDemoTests.a */,
				4C2C69D7055374F218FFDBB7 /* libPods-JKYDemoUITests.a */,
			);
			name = Frameworks;
			sourceTree = "<group>";
		};
/* End PBXGroup section */

/* Begin PBXNativeTarget section */
		B08F8E121E6D094300095FD6 /* JKYDemo */ = {
			isa = PBXNativeTarget;
			buildConfigurationList = B08F8E401E6D094300095FD6 /* Build configuration list for PBXNativeTarget "JKYDemo" */;
			buildPhases = (
				573A6A7FDA6659E49DE1B23A /* [CP] Check Pods Manifest.lock */,
				B08F8E0F1E6D094300095FD6 /* Sources */,
				B08F8E101E6D094300095FD6 /* Frameworks */,
				B08F8E111E6D094300095FD6 /* Resources */,
				838F279F45237C49B6E6AE0E /* [CP] Embed Pods Frameworks */,
				55939F0FCDBF9603ED7AF79B /* [CP] Copy Pods Resources */,
			);
			buildRules = (
			);
			dependencies = (
			);
			name = JKYDemo;
			productName = JKYDemo;
			productReference = B08F8E131E6D094300095FD6 /* JKYDemo.app */;
			productType = "com.apple.product-type.application";
		};
		B08F8E2B1E6D094300095FD6 /* JKYDemoTests */ = {
			isa = PBXNativeTarget;
			buildConfigurationList = B08F8E431E6D094300095FD6 /* Build configuration list for PBXNativeTarget "JKYDemoTests" */;
			buildPhases = (
				2A6D88A221000EA64A6621B9 /* [CP] Check Pods Manifest.lock */,
				B08F8E281E6D094300095FD6 /* Sources */,
				B08F8E291E6D094300095FD6 /* Frameworks */,
				B08F8E2A1E6D094300095FD6 /* Resources */,
				154D3CB478476866CC797BC8 /* [CP] Embed Pods Frameworks */,
				5A8BF967F71D28E9D1D10069 /* [CP] Copy Pods Resources */,
			);
			buildRules = (
			);
			dependencies = (
				B08F8E2E1E6D094300095FD6 /* PBXTargetDependency */,
			);
			name = JKYDemoTests;
			productName = JKYDemoTests;
			productReference = B08F8E2C1E6D094300095FD6 /* JKYDemoTests.xctest */;
			productType = "com.apple.product-type.bundle.unit-test";
		};
		B08F8E361E6D094300095FD6 /* JKYDemoUITests */ = {
			isa = PBXNativeTarget;
			buildConfigurationList = B08F8E461E6D094300095FD6 /* Build configuration list for PBXNativeTarget "JKYDemoUITests" */;
			buildPhases = (
				E8A40CC0BF2E5ACCC517DE0A /* [CP] Check Pods Manifest.lock */,
				B08F8E331E6D094300095FD6 /* Sources */,
				B08F8E341E6D094300095FD6 /* Frameworks */,
				B08F8E351E6D094300095FD6 /* Resources */,
				1B78C77B724CE27086E9CD1A /* [CP] Embed Pods Frameworks */,
				65FC80190930B4118D8A05F6 /* [CP] Copy Pods Resources */,
			);
			buildRules = (
			);
			dependencies = (
				B08F8E391E6D094300095FD6 /* PBXTargetDependency */,
			);
			name = JKYDemoUITests;
			productName = JKYDemoUITests;
			productReference = B08F8E371E6D094300095FD6 /* JKYDemoUITests.xctest */;
			productType = "com.apple.product-type.bundle.ui-testing";
		};
/* End PBXNativeTarget section */

/* Begin PBXProject section */
		B08F8E0B1E6D094300095FD6 /* Project object */ = {
			isa = PBXProject;
			attributes = {
				LastUpgradeCheck = 0820;
				ORGANIZATIONNAME = "Jacky Yu";
				TargetAttributes = {
					B08F8E121E6D094300095FD6 = {
						CreatedOnToolsVersion = 8.2.1;
						DevelopmentTeam = 7Z9B2R5HF8;
						ProvisioningStyle = Automatic;
					};
					B08F8E2B1E6D094300095FD6 = {
						CreatedOnToolsVersion = 8.2.1;
						ProvisioningStyle = Automatic;
						TestTargetID = B08F8E121E6D094300095FD6;
					};
					B08F8E361E6D094300095FD6 = {
						CreatedOnToolsVersion = 8.2.1;
						ProvisioningStyle = Automatic;
						TestTargetID = B08F8E121E6D094300095FD6;
					};
				};
			};
			buildConfigurationList = B08F8E0E1E6D094300095FD6 /* Build configuration list for PBXProject "JKYDemo" */;
			compatibilityVersion = "Xcode 3.2";
			developmentRegion = English;
			hasScannedForEncodings = 0;
			knownRegions = (
				en,
				Base,
			);
			mainGroup = B08F8E0A1E6D094300095FD6;
			productRefGroup = B08F8E141E6D094300095FD6 /* Products */;
			projectDirPath = "";
			projectRoot = "";
			targets = (
				B08F8E121E6D094300095FD6 /* JKYDemo */,
				B08F8E2B1E6D094300095FD6 /* JKYDemoTests */,
				B08F8E361E6D094300095FD6 /* JKYDemoUITests */,
			);
		};
/* End PBXProject section */

/* Begin PBXResourcesBuildPhase section */
		B08F8E111E6D094300095FD6 /* Resources */ = {
			isa = PBXResourcesBuildPhase;
			buildActionMask = 2147483647;
			files = (
				B08F8E261E6D094300095FD6 /* LaunchScreen.storyboard in Resources */,
				B08F8E231E6D094300095FD6 /* Assets.xcassets in Resources */,
			);
			runOnlyForDeploymentPostprocessing = 0;
		};
		B08F8E2A1E6D094300095FD6 /* Resources */ = {
			isa = PBXResourcesBuildPhase;
			buildActionMask = 2147483647;
			files = (
			);
			runOnlyForDeploymentPostprocessing = 0;
		};
		B08F8E351E6D094300095FD6 /* Resources */ = {
			isa = PBXResourcesBuildPhase;
			buildActionMask = 2147483647;
			files = (
			);
			runOnlyForDeploymentPostprocessing = 0;
		};
/* End PBXResourcesBuildPhase section */

/* Begin PBXShellScriptBuildPhase section */
		154D3CB478476866CC797BC8 /* [CP] Embed Pods Frameworks */ = {
			isa = PBXShellScriptBuildPhase;
			buildActionMask = 2147483647;
			files = (
			);
			inputPaths = (
			);
			name = "[CP] Embed Pods Frameworks";
			outputPaths = (
			);
			runOnlyForDeploymentPostprocessing = 0;
			shellPath = /bin/sh;
			shellScript = "\"${SRCROOT}/Pods/Target Support Files/Pods-JKYDemoTests/Pods-JKYDemoTests-frameworks.sh\"\n";
			showEnvVarsInLog = 0;
		};
		1B78C77B724CE27086E9CD1A /* [CP] Embed Pods Frameworks */ = {
			isa = PBXShellScriptBuildPhase;
			buildActionMask = 2147483647;
			files = (
			);
			inputPaths = (
			);
			name = "[CP] Embed Pods Frameworks";
			outputPaths = (
			);
			runOnlyForDeploymentPostprocessing = 0;
			shellPath = /bin/sh;
			shellScript = "\"${SRCROOT}/Pods/Target Support Files/Pods-JKYDemoUITests/Pods-JKYDemoUITests-frameworks.sh\"\n";
			showEnvVarsInLog = 0;
		};
		2A6D88A221000EA64A6621B9 /* [CP] Check Pods Manifest.lock */ = {
			isa = PBXShellScriptBuildPhase;
			buildActionMask = 2147483647;
			files = (
			);
			inputPaths = (
			);
			name = "[CP] Check Pods Manifest.lock";
			outputPaths = (
			);
			runOnlyForDeploymentPostprocessing = 0;
			shellPath = /bin/sh;
			shellScript = "diff \"${PODS_ROOT}/../Podfile.lock\" \"${PODS_ROOT}/Manifest.lock\" > /dev/null\nif [ $? != 0 ] ; then\n    # print error to STDERR\n    echo \"error: The sandbox is not in sync with the Podfile.lock. Run 'pod install' or update your CocoaPods installation.\" >&2\n    exit 1\nfi\n";
			showEnvVarsInLog = 0;
		};
		55939F0FCDBF9603ED7AF79B /* [CP] Copy Pods Resources */ = {
			isa = PBXShellScriptBuildPhase;
			buildActionMask = 2147483647;
			files = (
			);
			inputPaths = (
			);
			name = "[CP] Copy Pods Resources";
			outputPaths = (
			);
			runOnlyForDeploymentPostprocessing = 0;
			shellPath = /bin/sh;
			shellScript = "\"${SRCROOT}/Pods/Target Support Files/Pods-JKYDemo/Pods-JKYDemo-resources.sh\"\n";
			showEnvVarsInLog = 0;
		};
		573A6A7FDA6659E49DE1B23A /* [CP] Check Pods Manifest.lock */ = {
			isa = PBXShellScriptBuildPhase;
			buildActionMask = 2147483647;
			files = (
			);
			inputPaths = (
			);
			name = "[CP] Check Pods Manifest.lock";
			outputPaths = (
			);
			runOnlyForDeploymentPostprocessing = 0;
			shellPath = /bin/sh;
			shellScript = "diff \"${PODS_ROOT}/../Podfile.lock\" \"${PODS_ROOT}/Manifest.lock\" > /dev/null\nif [ $? != 0 ] ; then\n    # print error to STDERR\n    echo \"error: The sandbox is not in sync with the Podfile.lock. Run 'pod install' or update your CocoaPods installation.\" >&2\n    exit 1\nfi\n";
			showEnvVarsInLog = 0;
		};
		5A8BF967F71D28E9D1D10069 /* [CP] Copy Pods Resources */ = {
			isa = PBXShellScriptBuildPhase;
			buildActionMask = 2147483647;
			files = (
			);
			inputPaths = (
			);
			name = "[CP] Copy Pods Resources";
			outputPaths = (
			);
			runOnlyForDeploymentPostprocessing = 0;
			shellPath = /bin/sh;
			shellScript = "\"${SRCROOT}/Pods/Target Support Files/Pods-JKYDemoTests/Pods-JKYDemoTests-resources.sh\"\n";
			showEnvVarsInLog = 0;
		};
		65FC80190930B4118D8A05F6 /* [CP] Copy Pods Resources */ = {
			isa = PBXShellScriptBuildPhase;
			buildActionMask = 2147483647;
			files = (
			);
			inputPaths = (
			);
			name = "[CP] Copy Pods Resources";
			outputPaths = (
			);
			runOnlyForDeploymentPostprocessing = 0;
			shellPath = /bin/sh;
			shellScript = "\"${SRCROOT}/Pods/Target Support Files/Pods-JKYDemoUITests/Pods-JKYDemoUITests-resources.sh\"\n";
			showEnvVarsInLog = 0;
		};
		838F279F45237C49B6E6AE0E /* [CP] Embed Pods Frameworks */ = {
			isa = PBXShellScriptBuildPhase;
			buildActionMask = 2147483647;
			files = (
			);
			inputPaths = (
			);
			name = "[CP] Embed Pods Frameworks";
			outputPaths = (
			);
			runOnlyForDeploymentPostprocessing = 0;
			shellPath = /bin/sh;
			shellScript = "\"${SRCROOT}/Pods/Target Support Files/Pods-JKYDemo/Pods-JKYDemo-frameworks.sh\"\n";
			showEnvVarsInLog = 0;
		};
		E8A40CC0BF2E5ACCC517DE0A /* [CP] Check Pods Manifest.lock */ = {
			isa = PBXShellScriptBuildPhase;
			buildActionMask = 2147483647;
			files = (
			);
			inputPaths = (
			);
			name = "[CP] Check Pods Manifest.lock";
			outputPaths = (
			);
			runOnlyForDeploymentPostprocessing = 0;
			shellPath = /bin/sh;
			shellScript = "diff \"${PODS_ROOT}/../Podfile.lock\" \"${PODS_ROOT}/Manifest.lock\" > /dev/null\nif [ $? != 0 ] ; then\n    # print error to STDERR\n    echo \"error: The sandbox is not in sync with the Podfile.lock. Run 'pod install' or update your CocoaPods installation.\" >&2\n    exit 1\nfi\n";
			showEnvVarsInLog = 0;
		};
/* End PBXShellScriptBuildPhase section */

/* Begin PBXSourcesBuildPhase section */
		B08F8E0F1E6D094300095FD6 /* Sources */ = {
			isa = PBXSourcesBuildPhase;
			buildActionMask = 2147483647;
			files = (
				B0683AA41E9636D10014FF0B /* JKYImageView.m in Sources */,
				B04A5DA11EC5A5F700610550 /* JKYKeyframeAnimationViewController.m in Sources */,
				B08F8E4E1E6D0E1600095FD6 /* AppDelegate.m in Sources */,
				B04A5D9E1EC434A800610550 /* JKYBaseAnimationViewController.m in Sources */,
				B08F8E181E6D094300095FD6 /* main.m in Sources */,
				B04DD15E1E70049B009CF23E /* JKYGroupDataCollection.m in Sources */,
				B05509C41E70FE5500FB9DA8 /* JKYGroupContacts.m in Sources */,
				B0683AA11E9634F00014FF0B /* JKYProgressView.m in Sources */,
				B01B05A41EB8825300B69364 /* JKYDatePickerDate.m in Sources */,
				B04DD15B1E6FFCBB009CF23E /* JKYContactListViewController.m in Sources */,
				B04DD1501E6FF996009CF23E /* JKYSlideTabBarView.m in Sources */,
				B08F8E631E6D585800095FD6 /* JKYPageSlideViewController.m in Sources */,
				B067083E1E978B260098C6C8 /* JKYImagePickerManager.m in Sources */,
				B01B05A71EB885D600B69364 /* JKYDatePickerView.m in Sources */,
				B0683A991E962DA40014FF0B /* JKYUploadImageView.m in Sources */,
				B04DD16A1E702791009CF23E /* JKYPinyinConverter.m in Sources */,
				B08F8E521E6D102000095FD6 /* JKYTabBarViewController.m in Sources */,
				B06504B51EA5E45A005A6A11 /* JKYDatePickerViewController.m in Sources */,
				B04A5DA41EC9ADF300610550 /* JKYGroupAnimationViewController.m in Sources */,
				B0683AA71E9639640014FF0B /* JKYCustomUIViewController.m in Sources */,
				B04DD16B1E702791009CF23E /* JKYSpellingCenter.m in Sources */,
				B04DD1611E70230C009CF23E /* JKYGroupUserInfo.m in Sources */,
				B04A5DA71ECB208600610550 /* JKYTransitionViewController.m in Sources */,
				B04A5D971EC2B8A000610550 /* JKYAnimationViewController.m in Sources */,
				B04A5DAA1ECC4DBE00610550 /* JKYSpringViewController.m in Sources */,
				B08F8E5C1E6D3BCB00095FD6 /* JKYHomeViewController.m in Sources */,
			);
			runOnlyForDeploymentPostprocessing = 0;
		};
		B08F8E281E6D094300095FD6 /* Sources */ = {
			isa = PBXSourcesBuildPhase;
			buildActionMask = 2147483647;
			files = (
				B08F8E311E6D094300095FD6 /* JKYDemoTests.m in Sources */,
			);
			runOnlyForDeploymentPostprocessing = 0;
		};
		B08F8E331E6D094300095FD6 /* Sources */ = {
			isa = PBXSourcesBuildPhase;
			buildActionMask = 2147483647;
			files = (
				B08F8E3C1E6D094300095FD6 /* JKYDemoUITests.m in Sources */,
			);
			runOnlyForDeploymentPostprocessing = 0;
		};
/* End PBXSourcesBuildPhase section */

/* Begin PBXTargetDependency section */
		B08F8E2E1E6D094300095FD6 /* PBXTargetDependency */ = {
			isa = PBXTargetDependency;
			target = B08F8E121E6D094300095FD6 /* JKYDemo */;
			targetProxy = B08F8E2D1E6D094300095FD6 /* PBXContainerItemProxy */;
		};
		B08F8E391E6D094300095FD6 /* PBXTargetDependency */ = {
			isa = PBXTargetDependency;
			target = B08F8E121E6D094300095FD6 /* JKYDemo */;
			targetProxy = B08F8E381E6D094300095FD6 /* PBXContainerItemProxy */;
		};
/* End PBXTargetDependency section */

/* Begin PBXVariantGroup section */
		B08F8E241E6D094300095FD6 /* LaunchScreen.storyboard */ = {
			isa = PBXVariantGroup;
			children = (
				B08F8E251E6D094300095FD6 /* Base */,
			);
			name = LaunchScreen.storyboard;
			sourceTree = "<group>";
		};
/* End PBXVariantGroup section */

/* Begin XCBuildConfiguration section */
		B08F8E3E1E6D094300095FD6 /* Debug */ = {
			isa = XCBuildConfiguration;
			buildSettings = {
				ALWAYS_SEARCH_USER_PATHS = NO;
				CLANG_ANALYZER_NONNULL = YES;
				CLANG_CXX_LANGUAGE_STANDARD = "gnu++0x";
				CLANG_CXX_LIBRARY = "libc++";
				CLANG_ENABLE_MODULES = YES;
				CLANG_ENABLE_OBJC_ARC = YES;
				CLANG_WARN_BOOL_CONVERSION = YES;
				CLANG_WARN_CONSTANT_CONVERSION = YES;
				CLANG_WARN_DIRECT_OBJC_ISA_USAGE = YES_ERROR;
				CLANG_WARN_DOCUMENTATION_COMMENTS = YES;
				CLANG_WARN_EMPTY_BODY = YES;
				CLANG_WARN_ENUM_CONVERSION = YES;
				CLANG_WARN_INFINITE_RECURSION = YES;
				CLANG_WARN_INT_CONVERSION = YES;
				CLANG_WARN_OBJC_ROOT_CLASS = YES_ERROR;
				CLANG_WARN_SUSPICIOUS_MOVE = YES;
				CLANG_WARN_UNREACHABLE_CODE = YES;
				CLANG_WARN__DUPLICATE_METHOD_MATCH = YES;
				"CODE_SIGN_IDENTITY[sdk=iphoneos*]" = "iPhone Developer";
				COPY_PHASE_STRIP = NO;
				DEBUG_INFORMATION_FORMAT = dwarf;
				ENABLE_STRICT_OBJC_MSGSEND = YES;
				ENABLE_TESTABILITY = YES;
				GCC_C_LANGUAGE_STANDARD = gnu99;
				GCC_DYNAMIC_NO_PIC = NO;
				GCC_NO_COMMON_BLOCKS = YES;
				GCC_OPTIMIZATION_LEVEL = 0;
				GCC_PREPROCESSOR_DEFINITIONS = (
					"DEBUG=1",
					"$(inherited)",
				);
				GCC_WARN_64_TO_32_BIT_CONVERSION = YES;
				GCC_WARN_ABOUT_RETURN_TYPE = YES_ERROR;
				GCC_WARN_UNDECLARED_SELECTOR = YES;
				GCC_WARN_UNINITIALIZED_AUTOS = YES_AGGRESSIVE;
				GCC_WARN_UNUSED_FUNCTION = YES;
				GCC_WARN_UNUSED_VARIABLE = YES;
				IPHONEOS_DEPLOYMENT_TARGET = 10.2;
				MTL_ENABLE_DEBUG_INFO = YES;
				ONLY_ACTIVE_ARCH = YES;
				SDKROOT = iphoneos;
				TARGETED_DEVICE_FAMILY = "1,2";
			};
			name = Debug;
		};
		B08F8E3F1E6D094300095FD6 /* Release */ = {
			isa = XCBuildConfiguration;
			buildSettings = {
				ALWAYS_SEARCH_USER_PATHS = NO;
				CLANG_ANALYZER_NONNULL = YES;
				CLANG_CXX_LANGUAGE_STANDARD = "gnu++0x";
				CLANG_CXX_LIBRARY = "libc++";
				CLANG_ENABLE_MODULES = YES;
				CLANG_ENABLE_OBJC_ARC = YES;
				CLANG_WARN_BOOL_CONVERSION = YES;
				CLANG_WARN_CONSTANT_CONVERSION = YES;
				CLANG_WARN_DIRECT_OBJC_ISA_USAGE = YES_ERROR;
				CLANG_WARN_DOCUMENTATION_COMMENTS = YES;
				CLANG_WARN_EMPTY_BODY = YES;
				CLANG_WARN_ENUM_CONVERSION = YES;
				CLANG_WARN_INFINITE_RECURSION = YES;
				CLANG_WARN_INT_CONVERSION = YES;
				CLANG_WARN_OBJC_ROOT_CLASS = YES_ERROR;
				CLANG_WARN_SUSPICIOUS_MOVE = YES;
				CLANG_WARN_UNREACHABLE_CODE = YES;
				CLANG_WARN__DUPLICATE_METHOD_MATCH = YES;
				"CODE_SIGN_IDENTITY[sdk=iphoneos*]" = "iPhone Developer";
				COPY_PHASE_STRIP = NO;
				DEBUG_INFORMATION_FORMAT = "dwarf-with-dsym";
				ENABLE_NS_ASSERTIONS = NO;
				ENABLE_STRICT_OBJC_MSGSEND = YES;
				GCC_C_LANGUAGE_STANDARD = gnu99;
				GCC_NO_COMMON_BLOCKS = YES;
				GCC_WARN_64_TO_32_BIT_CONVERSION = YES;
				GCC_WARN_ABOUT_RETURN_TYPE = YES_ERROR;
				GCC_WARN_UNDECLARED_SELECTOR = YES;
				GCC_WARN_UNINITIALIZED_AUTOS = YES_AGGRESSIVE;
				GCC_WARN_UNUSED_FUNCTION = YES;
				GCC_WARN_UNUSED_VARIABLE = YES;
				IPHONEOS_DEPLOYMENT_TARGET = 10.2;
				MTL_ENABLE_DEBUG_INFO = NO;
				SDKROOT = iphoneos;
				TARGETED_DEVICE_FAMILY = "1,2";
				VALIDATE_PRODUCT = YES;
			};
			name = Release;
		};
		B08F8E411E6D094300095FD6 /* Debug */ = {
			isa = XCBuildConfiguration;
			baseConfigurationReference = 1588022A47E710992AF2E000 /* Pods-JKYDemo.debug.xcconfig */;
			buildSettings = {
				ASSETCATALOG_COMPILER_APPICON_NAME = AppIcon;
				DEVELOPMENT_TEAM = 7Z9B2R5HF8;
				GCC_PREFIX_HEADER = "$(SRCROOT)/$(PROJECT_NAME)/JKYPrefixHeader.pch";
				INFOPLIST_FILE = JKYDemo/Info.plist;
				LD_RUNPATH_SEARCH_PATHS = "$(inherited) @executable_path/Frameworks";
				PRODUCT_BUNDLE_IDENTIFIER = com.jky.JKYDemo;
				PRODUCT_NAME = "$(TARGET_NAME)";
			};
			name = Debug;
		};
		B08F8E421E6D094300095FD6 /* Release */ = {
			isa = XCBuildConfiguration;
			baseConfigurationReference = 797ACD99F0F57F9C75E10047 /* Pods-JKYDemo.release.xcconfig */;
			buildSettings = {
				ASSETCATALOG_COMPILER_APPICON_NAME = AppIcon;
				DEVELOPMENT_TEAM = 7Z9B2R5HF8;
				GCC_PREFIX_HEADER = "$(SRCROOT)/$(PROJECT_NAME)/JKYPrefixHeader.pch";
				INFOPLIST_FILE = JKYDemo/Info.plist;
				LD_RUNPATH_SEARCH_PATHS = "$(inherited) @executable_path/Frameworks";
				PRODUCT_BUNDLE_IDENTIFIER = com.jky.JKYDemo;
				PRODUCT_NAME = "$(TARGET_NAME)";
			};
			name = Release;
		};
		B08F8E441E6D094300095FD6 /* Debug */ = {
			isa = XCBuildConfiguration;
			baseConfigurationReference = 338974797EDC6DFE54F77C35 /* Pods-JKYDemoTests.debug.xcconfig */;
			buildSettings = {
				BUNDLE_LOADER = "$(TEST_HOST)";
				INFOPLIST_FILE = JKYDemoTests/Info.plist;
				LD_RUNPATH_SEARCH_PATHS = "$(inherited) @executable_path/Frameworks @loader_path/Frameworks";
				PRODUCT_BUNDLE_IDENTIFIER = com.jky.JKYDemoTests;
				PRODUCT_NAME = "$(TARGET_NAME)";
				TEST_HOST = "$(BUILT_PRODUCTS_DIR)/JKYDemo.app/JKYDemo";
			};
			name = Debug;
		};
		B08F8E451E6D094300095FD6 /* Release */ = {
			isa = XCBuildConfiguration;
			baseConfigurationReference = E58F73A54C1407D058871D64 /* Pods-JKYDemoTests.release.xcconfig */;
			buildSettings = {
				BUNDLE_LOADER = "$(TEST_HOST)";
				INFOPLIST_FILE = JKYDemoTests/Info.plist;
				LD_RUNPATH_SEARCH_PATHS = "$(inherited) @executable_path/Frameworks @loader_path/Frameworks";
				PRODUCT_BUNDLE_IDENTIFIER = com.jky.JKYDemoTests;
				PRODUCT_NAME = "$(TARGET_NAME)";
				TEST_HOST = "$(BUILT_PRODUCTS_DIR)/JKYDemo.app/JKYDemo";
			};
			name = Release;
		};
		B08F8E471E6D094300095FD6 /* Debug */ = {
			isa = XCBuildConfiguration;
			baseConfigurationReference = 1C7B4AB6DF8264D67359DBF8 /* Pods-JKYDemoUITests.debug.xcconfig */;
			buildSettings = {
				INFOPLIST_FILE = JKYDemoUITests/Info.plist;
				LD_RUNPATH_SEARCH_PATHS = "$(inherited) @executable_path/Frameworks @loader_path/Frameworks";
				PRODUCT_BUNDLE_IDENTIFIER = com.jky.JKYDemoUITests;
				PRODUCT_NAME = "$(TARGET_NAME)";
				TEST_TARGET_NAME = JKYDemo;
			};
			name = Debug;
		};
		B08F8E481E6D094300095FD6 /* Release */ = {
			isa = XCBuildConfiguration;
			baseConfigurationReference = 8B44CC286CEBF60FB1D287DE /* Pods-JKYDemoUITests.release.xcconfig */;
			buildSettings = {
				INFOPLIST_FILE = JKYDemoUITests/Info.plist;
				LD_RUNPATH_SEARCH_PATHS = "$(inherited) @executable_path/Frameworks @loader_path/Frameworks";
				PRODUCT_BUNDLE_IDENTIFIER = com.jky.JKYDemoUITests;
				PRODUCT_NAME = "$(TARGET_NAME)";
				TEST_TARGET_NAME = JKYDemo;
			};
			name = Release;
		};
/* End XCBuildConfiguration section */

/* Begin XCConfigurationList section */
		B08F8E0E1E6D094300095FD6 /* Build configuration list for PBXProject "JKYDemo" */ = {
			isa = XCConfigurationList;
			buildConfigurations = (
				B08F8E3E1E6D094300095FD6 /* Debug */,
				B08F8E3F1E6D094300095FD6 /* Release */,
			);
			defaultConfigurationIsVisible = 0;
			defaultConfigurationName = Release;
		};
		B08F8E401E6D094300095FD6 /* Build configuration list for PBXNativeTarget "JKYDemo" */ = {
			isa = XCConfigurationList;
			buildConfigurations = (
				B08F8E411E6D094300095FD6 /* Debug */,
				B08F8E421E6D094300095FD6 /* Release */,
			);
			defaultConfigurationIsVisible = 0;
			defaultConfigurationName = Release;
		};
		B08F8E431E6D094300095FD6 /* Build configuration list for PBXNativeTarget "JKYDemoTests" */ = {
			isa = XCConfigurationList;
			buildConfigurations = (
				B08F8E441E6D094300095FD6 /* Debug */,
				B08F8E451E6D094300095FD6 /* Release */,
			);
			defaultConfigurationIsVisible = 0;
			defaultConfigurationName = Release;
		};
		B08F8E461E6D094300095FD6 /* Build configuration list for PBXNativeTarget "JKYDemoUITests" */ = {
			isa = XCConfigurationList;
			buildConfigurations = (
				B08F8E471E6D094300095FD6 /* Debug */,
				B08F8E481E6D094300095FD6 /* Release */,
			);
			defaultConfigurationIsVisible = 0;
			defaultConfigurationName = Release;
		};
/* End XCConfigurationList section */
	};
	rootObject = B08F8E0B1E6D094300095FD6 /* Project object */;
}
